// !$*UTF8*$!
{
	archiveVersion = 1;
	classes = {
	};
	objectVersion = 48;
	objects = {

/* Begin PBXBuildFile section */
		2CD07079202430CB003C74E7 /* AppDelegate.m in Sources */ = {isa = PBXBuildFile; fileRef = 2CD07078202430CB003C74E7 /* AppDelegate.m */; };
		2CD0707C202430CB003C74E7 /* ViewController.m in Sources */ = {isa = PBXBuildFile; fileRef = 2CD0707B202430CB003C74E7 /* ViewController.m */; };
		2CD0707F202430CB003C74E7 /* Main.storyboard in Resources */ = {isa = PBXBuildFile; fileRef = 2CD0707D202430CB003C74E7 /* Main.storyboard */; };
		2CD07081202430CB003C74E7 /* Assets.xcassets in Resources */ = {isa = PBXBuildFile; fileRef = 2CD07080202430CB003C74E7 /* Assets.xcassets */; };
		2CD07084202430CB003C74E7 /* LaunchScreen.storyboard in Resources */ = {isa = PBXBuildFile; fileRef = 2CD07082202430CB003C74E7 /* LaunchScreen.storyboard */; };
		2CD07087202430CB003C74E7 /* main.m in Sources */ = {isa = PBXBuildFile; fileRef = 2CD07086202430CB003C74E7 /* main.m */; };
/* End PBXBuildFile section */

/* Begin PBXFileReference section */
		2CD07074202430CB003C74E7 /* LimitTextDemo.app */ = {isa = PBXFileReference; explicitFileType = wrapper.application; includeInIndex = 0; path = LimitTextDemo.app; sourceTree = BUILT_PRODUCTS_DIR; };
		2CD07077202430CB003C74E7 /* AppDelegate.h */ = {isa = PBXFileReference; lastKnownFileType = sourcecode.c.h; path = AppDelegate.h; sourceTree = "<group>"; };
		2CD07078202430CB003C74E7 /* AppDelegate.m */ = {isa = PBXFileReference; lastKnownFileType = sourcecode.c.objc; path = AppDelegate.m; sourceTree = "<group>"; };
		2CD0707A202430CB003C74E7 /* ViewController.h */ = {isa = PBXFileReference; lastKnownFileType = sourcecode.c.h; path = ViewController.h; sourceTree = "<group>"; };
		2CD0707B202430CB003C74E7 /* ViewController.m */ = {isa = PBXFileReference; lastKnownFileType = sourcecode.c.objc; path = ViewController.m; sourceTree = "<group>"; };
		2CD0707E202430CB003C74E7 /* Base */ = {isa = PBXFileReference; lastKnownFileType = file.storyboard; name = Base; path = Base.lproj/Main.storyboard; sourceTree = "<group>"; };
		2CD07080202430CB003C74E7 /* Assets.xcassets */ = {isa = PBXFileReference; lastKnownFileType = folder.assetcatalog; path = Assets.xcassets; sourceTree = "<group>"; };
		2CD07083202430CB003C74E7 /* Base */ = {isa = PBXFileReference; lastKnownFileType = file.storyboard; name = Base; path = Base.lproj/LaunchScreen.storyboard; sourceTree = "<group>"; };
		2CD07085202430CB003C74E7 /* Info.plist */ = {isa = PBXFileReference; lastKnownFileType = text.plist.xml; path = Info.plist; sourceTree = "<group>"; };
		2CD07086202430CB003C74E7 /* main.m */ = {isa = PBXFileReference; lastKnownFileType = sourcecode.c.objc; path = main.m; sourceTree = "<group>"; };
/* End PBXFileReference section */

/* Begin PBXFrameworksBuildPhase section */
		2CD07071202430CB003C74E7 /* Frameworks */ = {
			isa = PBXFrameworksBuildPhase;
			buildActionMask = 2147483647;
			files = (
			);
			runOnlyForDeploymentPostprocessing = 0;
		};
/* End PBXFrameworksBuildPhase section */

/* Begin PBXGroup section */
		2CD0706B202430CB003C74E7 = {
			isa = PBXGroup;
			children = (
				2CD07076202430CB003C74E7 /* LimitTextDemo */,
				2CD07075202430CB003C74E7 /* Products */,
			);
			sourceTree = "<group>";
		};
		2CD07075202430CB003C74E7 /* Products */ = {
			isa = PBXGroup;
			children = (
				2CD07074202430CB003C74E7 /* LimitTextDemo.app */,
			);
			name = Products;
			sourceTree = "<group>";
		};
		2CD07076202430CB003C74E7 /* LimitTextDemo */ = {
			isa = PBXGroup;
			children = (
				2CD07077202430CB003C74E7 /* AppDelegate.h */,
				2CD07078202430CB003C74E7 /* AppDelegate.m */,
				2CD0707A202430CB003C74E7 /* ViewController.h */,
				2CD0707B202430CB003C74E7 /* ViewController.m */,
				2CD0707D202430CB003C74E7 /* Main.storyboard */,
				2CD07080202430CB003C74E7 /* Assets.xcassets */,
				2CD07082202430CB003C74E7 /* LaunchScreen.storyboard */,
				2CD07085202430CB003C74E7 /* Info.plist */,
				2CD07086202430CB003C74E7 /* main.m */,
			);
			path = LimitTextDemo;
			sourceTree = "<group>";
		};
/* End PBXGroup section */

/* Begin PBXNativeTarget section */
		2CD07073202430CB003C74E7 /* LimitTextDemo */ = {
			isa = PBXNativeTarget;
			buildConfigurationList = 2CD0708A202430CB003C74E7 /* Build configuration list for PBXNativeTarget "LimitTextDemo" */;
			buildPhases = (
				2CD07070202430CB003C74E7 /* Sources */,
				2CD07071202430CB003C74E7 /* Frameworks */,
				2CD07072202430CB003C74E7 /* Resources */,
			);
			buildRules = (
			);
			dependencies = (
			);
			name = LimitTextDemo;
			productName = LimitTextDemo;
			productReference = 2CD07074202430CB003C74E7 /* LimitTextDemo.app */;
			productType = "com.apple.product-type.application";
		};
/* End PBXNativeTarget section */

/* Begin PBXProject section */
		2CD0706C202430CB003C74E7 /* Project object */ = {
			isa = PBXProject;
			attributes = {
				LastUpgradeCheck = 0920;
				ORGANIZATIONNAME = onmmc;
				TargetAttributes = {
					2CD07073202430CB003C74E7 = {
						CreatedOnToolsVersion = 9.2;
						ProvisioningStyle = Automatic;
					};
				};
			};
			buildConfigurationList = 2CD0706F202430CB003C74E7 /* Build configuration list for PBXProject "LimitTextDemo" */;
			compatibilityVersion = "Xcode 8.0";
			developmentRegion = en;
			hasScannedForEncodings = 0;
			knownRegions = (
				en,
				Base,
			);
			mainGroup = 2CD0706B202430CB003C74E7;
			productRefGroup = 2CD07075202430CB003C74E7 /* Products */;
			projectDirPath = "";
			projectRoot = "";
			targets = (
				2CD07073202430CB003C74E7 /* LimitTextDemo */,
			);
		};
/* End PBXProject section */

/* Begin PBXResourcesBuildPhase section */
		2CD07072202430CB003C74E7 /* Resources */ = {
			isa = PBXResourcesBuildPhase;
			buildActionMask = 2147483647;
			files = (
				2CD07084202430CB003C74E7 /* LaunchScreen.storyboard in Resources */,
				2CD07081202430CB003C74E7 /* Assets.xcassets in Resources */,
				2CD0707F202430CB003C74E7 /* Main.storyboard in Resources */,
			);
			runOnlyForDeploymentPostprocessing = 0;
		};
/* End PBXResourcesBuildPhase section */

/* Begin PBXSourcesBuildPhase section */
		2CD07070202430CB003C74E7 /* Sources */ = {
			isa = PBXSourcesBuildPhase;
			buildActionMask = 2147483647;
			files = (
				2CD0707C202430CB003C74E7 /* ViewController.m in Sources */,
				2CD07087202430CB003C74E7 /* main.m in Sources */,
				2CD07079202430CB003C74E7 /* AppDelegate.m in Sources */,
			);
			runOnlyForDeploymentPostprocessing = 0;
		};
/* End PBXSourcesBuildPhase section */

/* Begin PBXVariantGroup section */
		2CD0707D202430CB003C74E7 /* Main.storyboard */ = {
			isa = PBXVariantGroup;
			children = (
				2CD0707E202430CB003C74E7 /* Base */,
			);
			name = Main.storyboard;
			sourceTree = "<group>";
		};
		2CD07082202430CB003C74E7 /* LaunchScreen.storyboard */ = {
			isa = PBXVariantGroup;
			children = (
				2CD07083202430CB003C74E7 /* Base */,
			);
			name = LaunchScreen.storyboard;
			sourceTree = "<group>";
		};
/* End PBXVariantGroup section */

/* Begin XCBuildConfiguration section */
		2CD07088202430CB003C74E7 /* Debug */ = {
			isa = XCBuildConfiguration;
			buildSettings = {
				ALWAYS_SEARCH_USER_PATHS = NO;
				CLANG_ANALYZER_NONNULL = YES;
				CLANG_ANALYZER_NUMBER_OBJECT_CONVERSION = YES_AGGRESSIVE;
				CLANG_CXX_LANGUAGE_STANDARD = "gnu++14";
				CLANG_CXX_LIBRARY = "libc++";
				CLANG_ENABLE_MODULES = YES;
				CLANG_ENABLE_OBJC_ARC = YES;
				CLANG_WARN_BLOCK_CAPTURE_AUTORELEASING = YES;
				CLANG_WARN_BOOL_CONVERSION = YES;
				CLANG_WARN_COMMA = YES;
				CLANG_WARN_CONSTANT_CONVERSION = YES;
				CLANG_WARN_DIRECT_OBJC_ISA_USAGE = YES_ERROR;
				CLANG_WARN_DOCUMENTATION_COMMENTS = YES;
				CLANG_WARN_EMPTY_BODY = YES;
				CLANG_WARN_ENUM_CONVERSION = YES;
				CLANG_WARN_INFINITE_RECURSION = YES;
				CLANG_WARN_INT_CONVERSION = YES;
				CLANG_WARN_NON_LITERAL_NULL_CONVERSION = YES;
				CLANG_WARN_OBJC_LITERAL_CONVERSION = YES;
				CLANG_WARN_OBJC_ROOT_CLASS = YES_ERROR;
				CLANG_WARN_RANGE_LOOP_ANALYSIS = YES;
				CLANG_WARN_STRICT_PROTOTYPES = YES;
				CLANG_WARN_SUSPICIOUS_MOVE = YES;
				CLANG_WARN_UNGUARDED_AVAILABILITY = YES_AGGRESSIVE;
				CLANG_WARN_UNREACHABLE_CODE = YES;
				CLANG_WARN__DUPLICATE_METHOD_MATCH = YES;
				CODE_SIGN_IDENTITY = "iPhone Developer";
				COPY_PHASE_STRIP = NO;
				DEBUG_INFORMATION_FORMAT = dwarf;
				ENABLE_STRICT_OBJC_MSGSEND = YES;
				ENABLE_TESTABILITY = YES;
				GCC_C_LANGUAGE_STANDARD = gnu11;
				GCC_DYNAMIC_NO_PIC = NO;
				GCC_NO_COMMON_BLOCKS = YES;
				GCC_OPTIMIZATION_LEVEL = 0;
				GCC_PREPROCESSOR_DEFINITIONS = (
					"DEBUG=1",
					"$(inherited)",
				);
				GCC_WARN_64_TO_32_BIT_CONVERSION = YES;
				GCC_WARN_ABOUT_RETURN_TYPE = YES_ERROR;
				GCC_WARN_UNDECLARED_SELECTOR = YES;
				GCC_WARN_UNINITIALIZED_AUTOS = YES_AGGRESSIVE;
				GCC_WARN_UNUSED_FUNCTION = YES;
				GCC_WARN_UNUSED_VARIABLE = YES;
				IPHONEOS_DEPLOYMENT_TARGET = 11.2;
				MTL_ENABLE_DEBUG_INFO = YES;
				ONLY_ACTIVE_ARCH = YES;
				SDKROOT = iphoneos;
			};
			name = Debug;
		};
		2CD07089202430CB003C74E7 /* Release */ = {
			isa = XCBuildConfiguration;
			buildSettings = {
				ALWAYS_SEARCH_USER_PATHS = NO;
				CLANG_ANALYZER_NONNULL = YES;
				CLANG_ANALYZER_NUMBER_OBJECT_CONVERSION = YES_AGGRESSIVE;
				CLANG_CXX_LANGUAGE_STANDARD = "gnu++14";
				CLANG_CXX_LIBRARY = "libc++";
				CLANG_ENABLE_MODULES = YES;
				CLANG_ENABLE_OBJC_ARC = YES;
				CLANG_WARN_BLOCK_CAPTURE_AUTORELEASING = YES;
				CLANG_WARN_BOOL_CONVERSION = YES;
				CLANG_WARN_COMMA = YES;
				CLANG_WARN_CONSTANT_CONVERSION = YES;
				CLANG_WARN_DIRECT_OBJC_ISA_USAGE = YES_ERROR;
				CLANG_WARN_DOCUMENTATION_COMMENTS = YES;
				CLANG_WARN_EMPTY_BODY = YES;
				CLANG_WARN_ENUM_CONVERSION = YES;
				CLANG_WARN_INFINITE_RECURSION = YES;
				CLANG_WARN_INT_CONVERSION = YES;
				CLANG_WARN_NON_LITERAL_NULL_CONVERSION = YES;
				CLANG_WARN_OBJC_LITERAL_CONVERSION = YES;
				CLANG_WARN_OBJC_ROOT_CLASS = YES_ERROR;
				CLANG_WARN_RANGE_LOOP_ANALYSIS = YES;
				CLANG_WARN_STRICT_PROTOTYPES = YES;
				CLANG_WARN_SUSPICIOUS_MOVE = YES;
				CLANG_WARN_UNGUARDED_AVAILABILITY = YES_AGGRESSIVE;
				CLANG_WARN_UNREACHABLE_CODE = YES;
				CLANG_WARN__DUPLICATE_METHOD_MATCH = YES;
				CODE_SIGN_IDENTITY = "iPhone Developer";
				COPY_PHASE_STRIP = NO;
				DEBUG_INFORMATION_FORMAT = "dwarf-with-dsym";
				ENABLE_NS_ASSERTIONS = NO;
				ENABLE_STRICT_OBJC_MSGSEND = YES;
				GCC_C_LANGUAGE_STANDARD = gnu11;
				GCC_NO_COMMON_BLOCKS = YES;
				GCC_WARN_64_TO_32_BIT_CONVERSION = YES;
				GCC_WARN_ABOUT_RETURN_TYPE = YES_ERROR;
				GCC_WARN_UNDECLARED_SELECTOR = YES;
				GCC_WARN_UNINITIALIZED_AUTOS = YES_AGGRESSIVE;
				GCC_WARN_UNUSED_FUNCTION = YES;
				GCC_WARN_UNUSED_VARIABLE = YES;
				IPHONEOS_DEPLOYMENT_TARGET = 11.2;
				MTL_ENABLE_DEBUG_INFO = NO;
				SDKROOT = iphoneos;
				VALIDATE_PRODUCT = YES;
			};
			name = Release;
		};
		2CD0708B202430CB003C74E7 /* Debug */ = {
			isa = XCBuildConfiguration;
			buildSettings = {
				ASSETCATALOG_COMPILER_APPICON_NAME = AppIcon;
				CODE_SIGN_STYLE = Automatic;
				INFOPLIST_FILE = LimitTextDemo/Info.plist;
				LD_RUNPATH_SEARCH_PATHS = "$(inherited) @executable_path/Frameworks";
				PRODUCT_BUNDLE_IDENTIFIER = com.onmmc.LimitTextDemo;
				PRODUCT_NAME = "$(TARGET_NAME)";
				TARGETED_DEVICE_FAMILY = "1,2";
			};
			name = Debug;
		};
		2CD0708C202430CB003C74E7 /* Release */ = {
			isa = XCBuildConfiguration;
			buildSettings = {
				ASSETCATALOG_COMPILER_APPICON_NAME = AppIcon;
				CODE_SIGN_STYLE = Automatic;
				INFOPLIST_FILE = LimitTextDemo/Info.plist;
				LD_RUNPATH_SEARCH_PATHS = "$(inherited) @executable_path/Frameworks";
				PRODUCT_BUNDLE_IDENTIFIER = com.onmmc.LimitTextDemo;
				PRODUCT_NAME = "$(TARGET_NAME)";
				TARGETED_DEVICE_FAMILY = "1,2";
			};
			name = Release;
		};
/* End XCBuildConfiguration section */

/* Begin XCConfigurationList section */
		2CD0706F202430CB003C74E7 /* Build configuration list for PBXProject "LimitTextDemo" */ = {
			isa = XCConfigurationList;
			buildConfigurations = (
				2CD07088202430CB003C74E7 /* Debug */,
				2CD07089202430CB003C74E7 /* Release */,
			);
			defaultConfigurationIsVisible = 0;
			defaultConfigurationName = Release;
		};
		2CD0708A202430CB003C74E7 /* Build configuration list for PBXNativeTarget "LimitTextDemo" */ = {
			isa = XCConfigurationList;
			buildConfigurations = (
				2CD0708B202430CB003C74E7 /* Debug */,
				2CD0708C202430CB003C74E7 /* Release */,
			);
			defaultConfigurationIsVisible = 0;
			defaultConfigurationName = Release;
		};
/* End XCConfigurationList section */
	};
	rootObject = 2CD0706C202430CB003C74E7 /* Project object */;
}
